
Microsoft Visual Studio Solution File, Format Version 12.00
# Visual Studio 15
VisualStudioVersion = 15.0.28010.2036
MinimumVisualStudioVersion = 10.0.40219.1
Project("{FAE04EC0-301F-11D3-BF4B-00C04F79EFBC}") = "XF_AdaptSplashScreen.Android", "XF_AdaptSplashScreen\XF_AdaptSplashScreen.Android\XF_AdaptSplashScreen.Android.csproj", "{01E77DDA-D290-4C2D-BE1A-DB6A983AC48C}"
EndProject
Project("{FAE04EC0-301F-11D3-BF4B-00C04F79EFBC}") = "XF_AdaptSplashScreen.iOS", "XF_AdaptSplashScreen\XF_AdaptSplashScreen.iOS\XF_AdaptSplashScreen.iOS.csproj", "{DFAE68B8-9D2D-4712-849D-B82B3A89E9F7}"
EndProject
Project("{FAE04EC0-301F-11D3-BF4B-00C04F79EFBC}") = "XF_AdaptSplashScreen.UWP", "XF_AdaptSplashScreen\XF_AdaptSplashScreen.UWP\XF_AdaptSplashScreen.UWP.csproj", "{63CFC221-E280-4B06-86CF-BFEA7E1C0983}"
EndProject
Project("{9A19103F-16F7-4668-BE54-9A1E7A4F7556}") = "XF_AdaptSplashScreen", "XF_AdaptSplashScreen\XF_AdaptSplashScreen\XF_AdaptSplashScreen.csproj", "{BE162D12-CD34-4448-B814-1C26F4C3C2B8}"
EndProject
Global
	GlobalSection(SolutionConfigurationPlatforms) = preSolution
		Ad-Hoc|Any CPU = Ad-Hoc|Any CPU
		Ad-Hoc|ARM = Ad-Hoc|ARM
		Ad-Hoc|iPhone = Ad-Hoc|iPhone
		Ad-Hoc|iPhoneSimulator = Ad-Hoc|iPhoneSimulator
		Ad-Hoc|x64 = Ad-Hoc|x64
		Ad-Hoc|x86 = Ad-Hoc|x86
		AppStore|Any CPU = AppStore|Any CPU
		AppStore|ARM = AppStore|ARM
		AppStore|iPhone = AppStore|iPhone
		AppStore|iPhoneSimulator = AppStore|iPhoneSimulator
		AppStore|x64 = AppStore|x64
		AppStore|x86 = AppStore|x86
		Debug|Any CPU = Debug|Any CPU
		Debug|ARM = Debug|ARM
		Debug|iPhone = Debug|iPhone
		Debug|iPhoneSimulator = Debug|iPhoneSimulator
		Debug|x64 = Debug|x64
		Debug|x86 = Debug|x86
		Release|Any CPU = Release|Any CPU
		Release|ARM = Release|ARM
		Release|iPhone = Release|iPhone
		Release|iPhoneSimulator = Release|iPhoneSimulator
		Release|x64 = Release|x64
		Release|x86 = Release|x86
	EndGlobalSection
	GlobalSection(ProjectConfigurationPlatforms) = postSolution
		{01E77DDA-D290-4C2D-BE1A-DB6A983AC48C}.Ad-Hoc|Any CPU.ActiveCfg = Release|Any CPU
		{01E77DDA-D290-4C2D-BE1A-DB6A983AC48C}.Ad-Hoc|Any CPU.Build.0 = Release|Any CPU
		{01E77DDA-D290-4C2D-BE1A-DB6A983AC48C}.Ad-Hoc|Any CPU.Deploy.0 = Release|Any CPU
		{01E77DDA-D290-4C2D-BE1A-DB6A983AC48C}.Ad-Hoc|ARM.ActiveCfg = Release|Any CPU
		{01E77DDA-D290-4C2D-BE1A-DB6A983AC48C}.Ad-Hoc|ARM.Build.0 = Release|Any CPU
		{01E77DDA-D290-4C2D-BE1A-DB6A983AC48C}.Ad-Hoc|ARM.Deploy.0 = Release|Any CPU
		{01E77DDA-D290-4C2D-BE1A-DB6A983AC48C}.Ad-Hoc|iPhone.ActiveCfg = Release|Any CPU
		{01E77DDA-D290-4C2D-BE1A-DB6A983AC48C}.Ad-Hoc|iPhone.Build.0 = Release|Any CPU
		{01E77DDA-D290-4C2D-BE1A-DB6A983AC48C}.Ad-Hoc|iPhone.Deploy.0 = Release|Any CPU
		{01E77DDA-D290-4C2D-BE1A-DB6A983AC48C}.Ad-Hoc|iPhoneSimulator.ActiveCfg = Release|Any CPU
		{01E77DDA-D290-4C2D-BE1A-DB6A983AC48C}.Ad-Hoc|iPhoneSimulator.Build.0 = Release|Any CPU
		{01E77DDA-D290-4C2D-BE1A-DB6A983AC48C}.Ad-Hoc|iPhoneSimulator.Deploy.0 = Release|Any CPU
		{01E77DDA-D290-4C2D-BE1A-DB6A983AC48C}.Ad-Hoc|x64.ActiveCfg = Release|Any CPU
		{01E77DDA-D290-4C2D-BE1A-DB6A983AC48C}.Ad-Hoc|x64.Build.0 = Release|Any CPU
		{01E77DDA-D290-4C2D-BE1A-DB6A983AC48C}.Ad-Hoc|x64.Deploy.0 = Release|Any CPU
		{01E77DDA-D290-4C2D-BE1A-DB6A983AC48C}.Ad-Hoc|x86.ActiveCfg = Release|Any CPU
		{01E77DDA-D290-4C2D-BE1A-DB6A983AC48C}.Ad-Hoc|x86.Build.0 = Release|Any CPU
		{01E77DDA-D290-4C2D-BE1A-DB6A983AC48C}.Ad-Hoc|x86.Deploy.0 = Release|Any CPU
		{01E77DDA-D290-4C2D-BE1A-DB6A983AC48C}.AppStore|Any CPU.ActiveCfg = Release|Any CPU
		{01E77DDA-D290-4C2D-BE1A-DB6A983AC48C}.AppStore|Any CPU.Build.0 = Release|Any CPU
		{01E77DDA-D290-4C2D-BE1A-DB6A983AC48C}.AppStore|Any CPU.Deploy.0 = Release|Any CPU
		{01E77DDA-D290-4C2D-BE1A-DB6A983AC48C}.AppStore|ARM.ActiveCfg = Release|Any CPU
		{01E77DDA-D290-4C2D-BE1A-DB6A983AC48C}.AppStore|ARM.Build.0 = Release|Any CPU
		{01E77DDA-D290-4C2D-BE1A-DB6A983AC48C}.AppStore|ARM.Deploy.0 = Release|Any CPU
		{01E77DDA-D290-4C2D-BE1A-DB6A983AC48C}.AppStore|iPhone.ActiveCfg = Release|Any CPU
		{01E77DDA-D290-4C2D-BE1A-DB6A983AC48C}.AppStore|iPhone.Build.0 = Release|Any CPU
		{01E77DDA-D290-4C2D-BE1A-DB6A983AC48C}.AppStore|iPhone.Deploy.0 = Release|Any CPU
		{01E77DDA-D290-4C2D-BE1A-DB6A983AC48C}.AppStore|iPhoneSimulator.ActiveCfg = Release|Any CPU
		{01E77DDA-D290-4C2D-BE1A-DB6A983AC48C}.AppStore|iPhoneSimulator.Build.0 = Release|Any CPU
		{01E77DDA-D290-4C2D-BE1A-DB6A983AC48C}.AppStore|iPhoneSimulator.Deploy.0 = Release|Any CPU
		{01E77DDA-D290-4C2D-BE1A-DB6A983AC48C}.AppStore|x64.ActiveCfg = Release|Any CPU
		{01E77DDA-D290-4C2D-BE1A-DB6A983AC48C}.AppStore|x64.Build.0 = Release|Any CPU
		{01E77DDA-D290-4C2D-BE1A-DB6A983AC48C}.AppStore|x64.Deploy.0 = Release|Any CPU
		{01E77DDA-D290-4C2D-BE1A-DB6A983AC48C}.AppStore|x86.ActiveCfg = Release|Any CPU
		{01E77DDA-D290-4C2D-BE1A-DB6A983AC48C}.AppStore|x86.Build.0 = Release|Any CPU
		{01E77DDA-D290-4C2D-BE1A-DB6A983AC48C}.AppStore|x86.Deploy.0 = Release|Any CPU
		{01E77DDA-D290-4C2D-BE1A-DB6A983AC48C}.Debug|Any CPU.ActiveCfg = Debug|Any CPU
		{01E77DDA-D290-4C2D-BE1A-DB6A983AC48C}.Debug|Any CPU.Build.0 = Debug|Any CPU
		{01E77DDA-D290-4C2D-BE1A-DB6A983AC48C}.Debug|Any CPU.Deploy.0 = Debug|Any CPU
		{01E77DDA-D290-4C2D-BE1A-DB6A983AC48C}.Debug|ARM.ActiveCfg = Debug|Any CPU
		{01E77DDA-D290-4C2D-BE1A-DB6A983AC48C}.Debug|ARM.Build.0 = Debug|Any CPU
		{01E77DDA-D290-4C2D-BE1A-DB6A983AC48C}.Debug|ARM.Deploy.0 = Debug|Any CPU
		{01E77DDA-D290-4C2D-BE1A-DB6A983AC48C}.Debug|iPhone.ActiveCfg = Debug|Any CPU
		{01E77DDA-D290-4C2D-BE1A-DB6A983AC48C}.Debug|iPhone.Build.0 = Debug|Any CPU
		{01E77DDA-D290-4C2D-BE1A-DB6A983AC48C}.Debug|iPhone.Deploy.0 = Debug|Any CPU
		{01E77DDA-D290-4C2D-BE1A-DB6A983AC48C}.Debug|iPhoneSimulator.ActiveCfg = Debug|Any CPU
		{01E77DDA-D290-4C2D-BE1A-DB6A983AC48C}.Debug|iPhoneSimulator.Build.0 = Debug|Any CPU
		{01E77DDA-D290-4C2D-BE1A-DB6A983AC48C}.Debug|iPhoneSimulator.Deploy.0 = Debug|Any CPU
		{01E77DDA-D290-4C2D-BE1A-DB6A983AC48C}.Debug|x64.ActiveCfg = Debug|Any CPU
		{01E77DDA-D290-4C2D-BE1A-DB6A983AC48C}.Debug|x64.Build.0 = Debug|Any CPU
		{01E77DDA-D290-4C2D-BE1A-DB6A983AC48C}.Debug|x64.Deploy.0 = Debug|Any CPU
		{01E77DDA-D290-4C2D-BE1A-DB6A983AC48C}.Debug|x86.ActiveCfg = Debug|Any CPU
		{01E77DDA-D290-4C2D-BE1A-DB6A983AC48C}.Debug|x86.Build.0 = Debug|Any CPU
		{01E77DDA-D290-4C2D-BE1A-DB6A983AC48C}.Debug|x86.Deploy.0 = Debug|Any CPU
		{01E77DDA-D290-4C2D-BE1A-DB6A983AC48C}.Release|Any CPU.ActiveCfg = Release|Any CPU
		{01E77DDA-D290-4C2D-BE1A-DB6A983AC48C}.Release|Any CPU.Build.0 = Release|Any CPU
		{01E77DDA-D290-4C2D-BE1A-DB6A983AC48C}.Release|Any CPU.Deploy.0 = Release|Any CPU
		{01E77DDA-D290-4C2D-BE1A-DB6A983AC48C}.Release|ARM.ActiveCfg = Release|Any CPU
		{01E77DDA-D290-4C2D-BE1A-DB6A983AC48C}.Release|ARM.Build.0 = Release|Any CPU
		{01E77DDA-D290-4C2D-BE1A-DB6A983AC48C}.Release|ARM.Deploy.0 = Release|Any CPU
		{01E77DDA-D290-4C2D-BE1A-DB6A983AC48C}.Release|iPhone.ActiveCfg = Release|Any CPU
		{01E77DDA-D290-4C2D-BE1A-DB6A983AC48C}.Release|iPhone.Build.0 = Release|Any CPU
		{01E77DDA-D290-4C2D-BE1A-DB6A983AC48C}.Release|iPhone.Deploy.0 = Release|Any CPU
		{01E77DDA-D290-4C2D-BE1A-DB6A983AC48C}.Release|iPhoneSimulator.ActiveCfg = Release|Any CPU
		{01E77DDA-D290-4C2D-BE1A-DB6A983AC48C}.Release|iPhoneSimulator.Build.0 = Release|Any CPU
		{01E77DDA-D290-4C2D-BE1A-DB6A983AC48C}.Release|iPhoneSimulator.Deploy.0 = Release|Any CPU
		{01E77DDA-D290-4C2D-BE1A-DB6A983AC48C}.Release|x64.ActiveCfg = Release|Any CPU
		{01E77DDA-D290-4C2D-BE1A-DB6A983AC48C}.Release|x64.Build.0 = Release|Any CPU
		{01E77DDA-D290-4C2D-BE1A-DB6A983AC48C}.Release|x64.Deploy.0 = Release|Any CPU
		{01E77DDA-D290-4C2D-BE1A-DB6A983AC48C}.Release|x86.ActiveCfg = Release|Any CPU
		{01E77DDA-D290-4C2D-BE1A-DB6A983AC48C}.Release|x86.Build.0 = Release|Any CPU
		{01E77DDA-D290-4C2D-BE1A-DB6A983AC48C}.Release|x86.Deploy.0 = Release|Any CPU
		{DFAE68B8-9D2D-4712-849D-B82B3A89E9F7}.Ad-Hoc|Any CPU.ActiveCfg = Ad-Hoc|iPhone
		{DFAE68B8-9D2D-4712-849D-B82B3A89E9F7}.Ad-Hoc|Any CPU.Build.0 = Ad-Hoc|iPhone
		{DFAE68B8-9D2D-4712-849D-B82B3A89E9F7}.Ad-Hoc|Any CPU.Deploy.0 = Ad-Hoc|iPhone
		{DFAE68B8-9D2D-4712-849D-B82B3A89E9F7}.Ad-Hoc|ARM.ActiveCfg = Ad-Hoc|iPhone
		{DFAE68B8-9D2D-4712-849D-B82B3A89E9F7}.Ad-Hoc|ARM.Build.0 = Ad-Hoc|iPhone
		{DFAE68B8-9D2D-4712-849D-B82B3A89E9F7}.Ad-Hoc|ARM.Deploy.0 = Ad-Hoc|iPhone
		{DFAE68B8-9D2D-4712-849D-B82B3A89E9F7}.Ad-Hoc|iPhone.ActiveCfg = Ad-Hoc|iPhone
		{DFAE68B8-9D2D-4712-849D-B82B3A89E9F7}.Ad-Hoc|iPhone.Build.0 = Ad-Hoc|iPhone
		{DFAE68B8-9D2D-4712-849D-B82B3A89E9F7}.Ad-Hoc|iPhone.Deploy.0 = Ad-Hoc|iPhone
		{DFAE68B8-9D2D-4712-849D-B82B3A89E9F7}.Ad-Hoc|iPhoneSimulator.ActiveCfg = Ad-Hoc|iPhoneSimulator
		{DFAE68B8-9D2D-4712-849D-B82B3A89E9F7}.Ad-Hoc|iPhoneSimulator.Build.0 = Ad-Hoc|iPhoneSimulator
		{DFAE68B8-9D2D-4712-849D-B82B3A89E9F7}.Ad-Hoc|iPhoneSimulator.Deploy.0 = Ad-Hoc|iPhoneSimulator
		{DFAE68B8-9D2D-4712-849D-B82B3A89E9F7}.Ad-Hoc|x64.ActiveCfg = Ad-Hoc|iPhone
		{DFAE68B8-9D2D-4712-849D-B82B3A89E9F7}.Ad-Hoc|x64.Build.0 = Ad-Hoc|iPhone
		{DFAE68B8-9D2D-4712-849D-B82B3A89E9F7}.Ad-Hoc|x64.Deploy.0 = Ad-Hoc|iPhone
		{DFAE68B8-9D2D-4712-849D-B82B3A89E9F7}.Ad-Hoc|x86.ActiveCfg = Ad-Hoc|iPhone
		{DFAE68B8-9D2D-4712-849D-B82B3A89E9F7}.Ad-Hoc|x86.Build.0 = Ad-Hoc|iPhone
		{DFAE68B8-9D2D-4712-849D-B82B3A89E9F7}.Ad-Hoc|x86.Deploy.0 = Ad-Hoc|iPhone
		{DFAE68B8-9D2D-4712-849D-B82B3A89E9F7}.AppStore|Any CPU.ActiveCfg = AppStore|iPhone
		{DFAE68B8-9D2D-4712-849D-B82B3A89E9F7}.AppStore|Any CPU.Build.0 = AppStore|iPhone
		{DFAE68B8-9D2D-4712-849D-B82B3A89E9F7}.AppStore|Any CPU.Deploy.0 = AppStore|iPhone
		{DFAE68B8-9D2D-4712-849D-B82B3A89E9F7}.AppStore|ARM.ActiveCfg = AppStore|iPhone
		{DFAE68B8-9D2D-4712-849D-B82B3A89E9F7}.AppStore|ARM.Build.0 = AppStore|iPhone
		{DFAE68B8-9D2D-4712-849D-B82B3A89E9F7}.AppStore|ARM.Deploy.0 = AppStore|iPhone
		{DFAE68B8-9D2D-4712-849D-B82B3A89E9F7}.AppStore|iPhone.ActiveCfg = AppStore|iPhone
		{DFAE68B8-9D2D-4712-849D-B82B3A89E9F7}.AppStore|iPhone.Build.0 = AppStore|iPhone
		{DFAE68B8-9D2D-4712-849D-B82B3A89E9F7}.AppStore|iPhone.Deploy.0 = AppStore|iPhone
		{DFAE68B8-9D2D-4712-849D-B82B3A89E9F7}.AppStore|iPhoneSimulator.ActiveCfg = AppStore|iPhoneSimulator
		{DFAE68B8-9D2D-4712-849D-B82B3A89E9F7}.AppStore|iPhoneSimulator.Build.0 = AppStore|iPhoneSimulator
		{DFAE68B8-9D2D-4712-849D-B82B3A89E9F7}.AppStore|iPhoneSimulator.Deploy.0 = AppStore|iPhoneSimulator
		{DFAE68B8-9D2D-4712-849D-B82B3A89E9F7}.AppStore|x64.ActiveCfg = AppStore|iPhone
		{DFAE68B8-9D2D-4712-849D-B82B3A89E9F7}.AppStore|x64.Build.0 = AppStore|iPhone
		{DFAE68B8-9D2D-4712-849D-B82B3A89E9F7}.AppStore|x64.Deploy.0 = AppStore|iPhone
		{DFAE68B8-9D2D-4712-849D-B82B3A89E9F7}.AppStore|x86.ActiveCfg = AppStore|iPhone
		{DFAE68B8-9D2D-4712-849D-B82B3A89E9F7}.AppStore|x86.Build.0 = AppStore|iPhone
		{DFAE68B8-9D2D-4712-849D-B82B3A89E9F7}.AppStore|x86.Deploy.0 = AppStore|iPhone
		{DFAE68B8-9D2D-4712-849D-B82B3A89E9F7}.Debug|Any CPU.ActiveCfg = Debug|iPhoneSimulator
		{DFAE68B8-9D2D-4712-849D-B82B3A89E9F7}.Debug|Any CPU.Deploy.0 = Debug|iPhoneSimulator
		{DFAE68B8-9D2D-4712-849D-B82B3A89E9F7}.Debug|ARM.ActiveCfg = Debug|iPhone
		{DFAE68B8-9D2D-4712-849D-B82B3A89E9F7}.Debug|ARM.Build.0 = Debug|iPhone
		{DFAE68B8-9D2D-4712-849D-B82B3A89E9F7}.Debug|ARM.Deploy.0 = Debug|iPhone
		{DFAE68B8-9D2D-4712-849D-B82B3A89E9F7}.Debug|iPhone.ActiveCfg = Debug|iPhone
		{DFAE68B8-9D2D-4712-849D-B82B3A89E9F7}.Debug|iPhone.Build.0 = Debug|iPhone
		{DFAE68B8-9D2D-4712-849D-B82B3A89E9F7}.Debug|iPhone.Deploy.0 = Debug|iPhone
		{DFAE68B8-9D2D-4712-849D-B82B3A89E9F7}.Debug|iPhoneSimulator.ActiveCfg = Debug|iPhoneSimulator
		{DFAE68B8-9D2D-4712-849D-B82B3A89E9F7}.Debug|iPhoneSimulator.Build.0 = Debug|iPhoneSimulator
		{DFAE68B8-9D2D-4712-849D-B82B3A89E9F7}.Debug|iPhoneSimulator.Deploy.0 = Debug|iPhoneSimulator
		{DFAE68B8-9D2D-4712-849D-B82B3A89E9F7}.Debug|x64.ActiveCfg = Debug|iPhone
		{DFAE68B8-9D2D-4712-849D-B82B3A89E9F7}.Debug|x64.Build.0 = Debug|iPhone
		{DFAE68B8-9D2D-4712-849D-B82B3A89E9F7}.Debug|x64.Deploy.0 = Debug|iPhone
		{DFAE68B8-9D2D-4712-849D-B82B3A89E9F7}.Debug|x86.ActiveCfg = Debug|iPhone
		{DFAE68B8-9D2D-4712-849D-B82B3A89E9F7}.Debug|x86.Build.0 = Debug|iPhone
		{DFAE68B8-9D2D-4712-849D-B82B3A89E9F7}.Debug|x86.Deploy.0 = Debug|iPhone
		{DFAE68B8-9D2D-4712-849D-B82B3A89E9F7}.Release|Any CPU.ActiveCfg = Release|iPhone
		{DFAE68B8-9D2D-4712-849D-B82B3A89E9F7}.Release|Any CPU.Build.0 = Release|iPhone
		{DFAE68B8-9D2D-4712-849D-B82B3A89E9F7}.Release|Any CPU.Deploy.0 = Release|iPhone
		{DFAE68B8-9D2D-4712-849D-B82B3A89E9F7}.Release|ARM.ActiveCfg = Release|iPhone
		{DFAE68B8-9D2D-4712-849D-B82B3A89E9F7}.Release|ARM.Build.0 = Release|iPhone
		{DFAE68B8-9D2D-4712-849D-B82B3A89E9F7}.Release|ARM.Deploy.0 = Release|iPhone
		{DFAE68B8-9D2D-4712-849D-B82B3A89E9F7}.Release|iPhone.ActiveCfg = Release|iPhone
		{DFAE68B8-9D2D-4712-849D-B82B3A89E9F7}.Release|iPhone.Build.0 = Release|iPhone
		{DFAE68B8-9D2D-4712-849D-B82B3A89E9F7}.Release|iPhone.Deploy.0 = Release|iPhone
		{DFAE68B8-9D2D-4712-849D-B82B3A89E9F7}.Release|iPhoneSimulator.ActiveCfg = Release|iPhoneSimulator
		{DFAE68B8-9D2D-4712-849D-B82B3A89E9F7}.Release|iPhoneSimulator.Build.0 = Release|iPhoneSimulator
		{DFAE68B8-9D2D-4712-849D-B82B3A89E9F7}.Release|iPhoneSimulator.Deploy.0 = Release|iPhoneSimulator
		{DFAE68B8-9D2D-4712-849D-B82B3A89E9F7}.Release|x64.ActiveCfg = Release|iPhone
		{DFAE68B8-9D2D-4712-849D-B82B3A89E9F7}.Release|x64.Build.0 = Release|iPhone
		{DFAE68B8-9D2D-4712-849D-B82B3A89E9F7}.Release|x64.Deploy.0 = Release|iPhone
		{DFAE68B8-9D2D-4712-849D-B82B3A89E9F7}.Release|x86.ActiveCfg = Release|iPhone
		{DFAE68B8-9D2D-4712-849D-B82B3A89E9F7}.Release|x86.Build.0 = Release|iPhone
		{DFAE68B8-9D2D-4712-849D-B82B3A89E9F7}.Release|x86.Deploy.0 = Release|iPhone
		{63CFC221-E280-4B06-86CF-BFEA7E1C0983}.Ad-Hoc|Any CPU.ActiveCfg = Release|x86
		{63CFC221-E280-4B06-86CF-BFEA7E1C0983}.Ad-Hoc|Any CPU.Build.0 = Release|x86
		{63CFC221-E280-4B06-86CF-BFEA7E1C0983}.Ad-Hoc|Any CPU.Deploy.0 = Release|x86
		{63CFC221-E280-4B06-86CF-BFEA7E1C0983}.Ad-Hoc|ARM.ActiveCfg = Release|ARM
		{63CFC221-E280-4B06-86CF-BFEA7E1C0983}.Ad-Hoc|ARM.Build.0 = Release|ARM
		{63CFC221-E280-4B06-86CF-BFEA7E1C0983}.Ad-Hoc|ARM.Deploy.0 = Release|ARM
		{63CFC221-E280-4B06-86CF-BFEA7E1C0983}.Ad-Hoc|iPhone.ActiveCfg = Release|x86
		{63CFC221-E280-4B06-86CF-BFEA7E1C0983}.Ad-Hoc|iPhone.Build.0 = Release|x86
		{63CFC221-E280-4B06-86CF-BFEA7E1C0983}.Ad-Hoc|iPhone.Deploy.0 = Release|x86
		{63CFC221-E280-4B06-86CF-BFEA7E1C0983}.Ad-Hoc|iPhoneSimulator.ActiveCfg = Release|x86
		{63CFC221-E280-4B06-86CF-BFEA7E1C0983}.Ad-Hoc|iPhoneSimulator.Build.0 = Release|x86
		{63CFC221-E280-4B06-86CF-BFEA7E1C0983}.Ad-Hoc|iPhoneSimulator.Deploy.0 = Release|x86
		{63CFC221-E280-4B06-86CF-BFEA7E1C0983}.Ad-Hoc|x64.ActiveCfg = Release|x64
		{63CFC221-E280-4B06-86CF-BFEA7E1C0983}.Ad-Hoc|x64.Build.0 = Release|x64
		{63CFC221-E280-4B06-86CF-BFEA7E1C0983}.Ad-Hoc|x64.Deploy.0 = Release|x64
		{63CFC221-E280-4B06-86CF-BFEA7E1C0983}.Ad-Hoc|x86.ActiveCfg = Release|x86
		{63CFC221-E280-4B06-86CF-BFEA7E1C0983}.Ad-Hoc|x86.Build.0 = Release|x86
		{63CFC221-E280-4B06-86CF-BFEA7E1C0983}.Ad-Hoc|x86.Deploy.0 = Release|x86
		{63CFC221-E280-4B06-86CF-BFEA7E1C0983}.AppStore|Any CPU.ActiveCfg = Release|x86
		{63CFC221-E280-4B06-86CF-BFEA7E1C0983}.AppStore|Any CPU.Build.0 = Release|x86
		{63CFC221-E280-4B06-86CF-BFEA7E1C0983}.AppStore|Any CPU.Deploy.0 = Release|x86
		{63CFC221-E280-4B06-86CF-BFEA7E1C0983}.AppStore|ARM.ActiveCfg = Release|ARM
		{63CFC221-E280-4B06-86CF-BFEA7E1C0983}.AppStore|ARM.Build.0 = Release|ARM
		{63CFC221-E280-4B06-86CF-BFEA7E1C0983}.AppStore|ARM.Deploy.0 = Release|ARM
		{63CFC221-E280-4B06-86CF-BFEA7E1C0983}.AppStore|iPhone.ActiveCfg = Release|x86
		{63CFC221-E280-4B06-86CF-BFEA7E1C0983}.AppStore|iPhone.Build.0 = Release|x86
		{63CFC221-E280-4B06-86CF-BFEA7E1C0983}.AppStore|iPhone.Deploy.0 = Release|x86
		{63CFC221-E280-4B06-86CF-BFEA7E1C0983}.AppStore|iPhoneSimulator.ActiveCfg = Release|x86
		{63CFC221-E280-4B06-86CF-BFEA7E1C0983}.AppStore|iPhoneSimulator.Build.0 = Release|x86
		{63CFC221-E280-4B06-86CF-BFEA7E1C0983}.AppStore|iPhoneSimulator.Deploy.0 = Release|x86
		{63CFC221-E280-4B06-86CF-BFEA7E1C0983}.AppStore|x64.ActiveCfg = Release|x64
		{63CFC221-E280-4B06-86CF-BFEA7E1C0983}.AppStore|x64.Build.0 = Release|x64
		{63CFC221-E280-4B06-86CF-BFEA7E1C0983}.AppStore|x64.Deploy.0 = Release|x64
		{63CFC221-E280-4B06-86CF-BFEA7E1C0983}.AppStore|x86.ActiveCfg = Release|x86
		{63CFC221-E280-4B06-86CF-BFEA7E1C0983}.AppStore|x86.Build.0 = Release|x86
		{63CFC221-E280-4B06-86CF-BFEA7E1C0983}.AppStore|x86.Deploy.0 = Release|x86
		{63CFC221-E280-4B06-86CF-BFEA7E1C0983}.Debug|Any CPU.ActiveCfg = Debug|x86
		{63CFC221-E280-4B06-86CF-BFEA7E1C0983}.Debug|ARM.ActiveCfg = Debug|ARM
		{63CFC221-E280-4B06-86CF-BFEA7E1C0983}.Debug|ARM.Build.0 = Debug|ARM
		{63CFC221-E280-4B06-86CF-BFEA7E1C0983}.Debug|ARM.Deploy.0 = Debug|ARM
		{63CFC221-E280-4B06-86CF-BFEA7E1C0983}.Debug|iPhone.ActiveCfg = Debug|x86
		{63CFC221-E280-4B06-86CF-BFEA7E1C0983}.Debug|iPhone.Build.0 = Debug|x86
		{63CFC221-E280-4B06-86CF-BFEA7E1C0983}.Debug|iPhone.Deploy.0 = Debug|x86
		{63CFC221-E280-4B06-86CF-BFEA7E1C0983}.Debug|iPhoneSimulator.ActiveCfg = Debug|x86
		{63CFC221-E280-4B06-86CF-BFEA7E1C0983}.Debug|iPhoneSimulator.Build.0 = Debug|x86
		{63CFC221-E280-4B06-86CF-BFEA7E1C0983}.Debug|iPhoneSimulator.Deploy.0 = Debug|x86
		{63CFC221-E280-4B06-86CF-BFEA7E1C0983}.Debug|x64.ActiveCfg = Debug|x64
		{63CFC221-E280-4B06-86CF-BFEA7E1C0983}.Debug|x64.Build.0 = Debug|x64
		{63CFC221-E280-4B06-86CF-BFEA7E1C0983}.Debug|x64.Deploy.0 = Debug|x64
		{63CFC221-E280-4B06-86CF-BFEA7E1C0983}.Debug|x86.ActiveCfg = Debug|x86
		{63CFC221-E280-4B06-86CF-BFEA7E1C0983}.Debug|x86.Build.0 = Debug|x86
		{63CFC221-E280-4B06-86CF-BFEA7E1C0983}.Debug|x86.Deploy.0 = Debug|x86
		{63CFC221-E280-4B06-86CF-BFEA7E1C0983}.Release|Any CPU.ActiveCfg = Release|x86
		{63CFC221-E280-4B06-86CF-BFEA7E1C0983}.Release|Any CPU.Build.0 = Release|x86
		{63CFC221-E280-4B06-86CF-BFEA7E1C0983}.Release|Any CPU.Deploy.0 = Release|x86
		{63CFC221-E280-4B06-86CF-BFEA7E1C0983}.Release|ARM.ActiveCfg = Release|ARM
		{63CFC221-E280-4B06-86CF-BFEA7E1C0983}.Release|ARM.Build.0 = Release|ARM
		{63CFC221-E280-4B06-86CF-BFEA7E1C0983}.Release|ARM.Deploy.0 = Release|ARM
		{63CFC221-E280-4B06-86CF-BFEA7E1C0983}.Release|iPhone.ActiveCfg = Release|x86
		{63CFC221-E280-4B06-86CF-BFEA7E1C0983}.Release|iPhone.Build.0 = Release|x86
		{63CFC221-E280-4B06-86CF-BFEA7E1C0983}.Release|iPhone.Deploy.0 = Release|x86
		{63CFC221-E280-4B06-86CF-BFEA7E1C0983}.Release|iPhoneSimulator.ActiveCfg = Release|x86
		{63CFC221-E280-4B06-86CF-BFEA7E1C0983}.Release|iPhoneSimulator.Build.0 = Release|x86
		{63CFC221-E280-4B06-86CF-BFEA7E1C0983}.Release|iPhoneSimulator.Deploy.0 = Release|x86
		{63CFC221-E280-4B06-86CF-BFEA7E1C0983}.Release|x64.ActiveCfg = Release|x64
		{63CFC221-E280-4B06-86CF-BFEA7E1C0983}.Release|x64.Build.0 = Release|x64
		{63CFC221-E280-4B06-86CF-BFEA7E1C0983}.Release|x64.Deploy.0 = Release|x64
		{63CFC221-E280-4B06-86CF-BFEA7E1C0983}.Release|x86.ActiveCfg = Release|x86
		{63CFC221-E280-4B06-86CF-BFEA7E1C0983}.Release|x86.Build.0 = Release|x86
		{63CFC221-E280-4B06-86CF-BFEA7E1C0983}.Release|x86.Deploy.0 = Release|x86
		{BE162D12-CD34-4448-B814-1C26F4C3C2B8}.Ad-Hoc|Any CPU.ActiveCfg = Debug|Any CPU
		{BE162D12-CD34-4448-B814-1C26F4C3C2B8}.Ad-Hoc|Any CPU.Build.0 = Debug|Any CPU
		{BE162D12-CD34-4448-B814-1C26F4C3C2B8}.Ad-Hoc|Any CPU.Deploy.0 = Debug|Any CPU
		{BE162D12-CD34-4448-B814-1C26F4C3C2B8}.Ad-Hoc|ARM.ActiveCfg = Debug|Any CPU
		{BE162D12-CD34-4448-B814-1C26F4C3C2B8}.Ad-Hoc|ARM.Build.0 = Debug|Any CPU
		{BE162D12-CD34-4448-B814-1C26F4C3C2B8}.Ad-Hoc|ARM.Deploy.0 = Debug|Any CPU
		{BE162D12-CD34-4448-B814-1C26F4C3C2B8}.Ad-Hoc|iPhone.ActiveCfg = Debug|Any CPU
		{BE162D12-CD34-4448-B814-1C26F4C3C2B8}.Ad-Hoc|iPhone.Build.0 = Debug|Any CPU
		{BE162D12-CD34-4448-B814-1C26F4C3C2B8}.Ad-Hoc|iPhone.Deploy.0 = Debug|Any CPU
		{BE162D12-CD34-4448-B814-1C26F4C3C2B8}.Ad-Hoc|iPhoneSimulator.ActiveCfg = Debug|Any CPU
		{BE162D12-CD34-4448-B814-1C26F4C3C2B8}.Ad-Hoc|iPhoneSimulator.Build.0 = Debug|Any CPU
		{BE162D12-CD34-4448-B814-1C26F4C3C2B8}.Ad-Hoc|iPhoneSimulator.Deploy.0 = Debug|Any CPU
		{BE162D12-CD34-4448-B814-1C26F4C3C2B8}.Ad-Hoc|x64.ActiveCfg = Debug|Any CPU
		{BE162D12-CD34-4448-B814-1C26F4C3C2B8}.Ad-Hoc|x64.Build.0 = Debug|Any CPU
		{BE162D12-CD34-4448-B814-1C26F4C3C2B8}.Ad-Hoc|x64.Deploy.0 = Debug|Any CPU
		{BE162D12-CD34-4448-B814-1C26F4C3C2B8}.Ad-Hoc|x86.ActiveCfg = Debug|Any CPU
		{BE162D12-CD34-4448-B814-1C26F4C3C2B8}.Ad-Hoc|x86.Build.0 = Debug|Any CPU
		{BE162D12-CD34-4448-B814-1C26F4C3C2B8}.Ad-Hoc|x86.Deploy.0 = Debug|Any CPU
		{BE162D12-CD34-4448-B814-1C26F4C3C2B8}.AppStore|Any CPU.ActiveCfg = Debug|Any CPU
		{BE162D12-CD34-4448-B814-1C26F4C3C2B8}.AppStore|Any CPU.Build.0 = Debug|Any CPU
		{BE162D12-CD34-4448-B814-1C26F4C3C2B8}.AppStore|Any CPU.Deploy.0 = Debug|Any CPU
		{BE162D12-CD34-4448-B814-1C26F4C3C2B8}.AppStore|ARM.ActiveCfg = Debug|Any CPU
		{BE162D12-CD34-4448-B814-1C26F4C3C2B8}.AppStore|ARM.Build.0 = Debug|Any CPU
		{BE162D12-CD34-4448-B814-1C26F4C3C2B8}.AppStore|ARM.Deploy.0 = Debug|Any CPU
		{BE162D12-CD34-4448-B814-1C26F4C3C2B8}.AppStore|iPhone.ActiveCfg = Debug|Any CPU
		{BE162D12-CD34-4448-B814-1C26F4C3C2B8}.AppStore|iPhone.Build.0 = Debug|Any CPU
		{BE162D12-CD34-4448-B814-1C26F4C3C2B8}.AppStore|iPhone.Deploy.0 = Debug|Any CPU
		{BE162D12-CD34-4448-B814-1C26F4C3C2B8}.AppStore|iPhoneSimulator.ActiveCfg = Debug|Any CPU
		{BE162D12-CD34-4448-B814-1C26F4C3C2B8}.AppStore|iPhoneSimulator.Build.0 = Debug|Any CPU
		{BE162D12-CD34-4448-B814-1C26F4C3C2B8}.AppStore|iPhoneSimulator.Deploy.0 = Debug|Any CPU
		{BE162D12-CD34-4448-B814-1C26F4C3C2B8}.AppStore|x64.ActiveCfg = Debug|Any CPU
		{BE162D12-CD34-4448-B814-1C26F4C3C2B8}.AppStore|x64.Build.0 = Debug|Any CPU
		{BE162D12-CD34-4448-B814-1C26F4C3C2B8}.AppStore|x64.Deploy.0 = Debug|Any CPU
		{BE162D12-CD34-4448-B814-1C26F4C3C2B8}.AppStore|x86.ActiveCfg = Debug|Any CPU
		{BE162D12-CD34-4448-B814-1C26F4C3C2B8}.AppStore|x86.Build.0 = Debug|Any CPU
		{BE162D12-CD34-4448-B814-1C26F4C3C2B8}.AppStore|x86.Deploy.0 = Debug|Any CPU
		{BE162D12-CD34-4448-B814-1C26F4C3C2B8}.Debug|Any CPU.ActiveCfg = Debug|Any CPU
		{BE162D12-CD34-4448-B814-1C26F4C3C2B8}.Debug|Any CPU.Build.0 = Debug|Any CPU
		{BE162D12-CD34-4448-B814-1C26F4C3C2B8}.Debug|Any CPU.Deploy.0 = Debug|Any CPU
		{BE162D12-CD34-4448-B814-1C26F4C3C2B8}.Debug|ARM.ActiveCfg = Debug|Any CPU
		{BE162D12-CD34-4448-B814-1C26F4C3C2B8}.Debug|ARM.Build.0 = Debug|Any CPU
		{BE162D12-CD34-4448-B814-1C26F4C3C2B8}.Debug|ARM.Deploy.0 = Debug|Any CPU
		{BE162D12-CD34-4448-B814-1C26F4C3C2B8}.Debug|iPhone.ActiveCfg = Debug|Any CPU
		{BE162D12-CD34-4448-B814-1C26F4C3C2B8}.Debug|iPhone.Build.0 = Debug|Any CPU
		{BE162D12-CD34-4448-B814-1C26F4C3C2B8}.Debug|iPhone.Deploy.0 = Debug|Any CPU
		{BE162D12-CD34-4448-B814-1C26F4C3C2B8}.Debug|iPhoneSimulator.ActiveCfg = Debug|Any CPU
		{BE162D12-CD34-4448-B814-1C26F4C3C2B8}.Debug|iPhoneSimulator.Build.0 = Debug|Any CPU
		{BE162D12-CD34-4448-B814-1C26F4C3C2B8}.Debug|iPhoneSimulator.Deploy.0 = Debug|Any CPU
		{BE162D12-CD34-4448-B814-1C26F4C3C2B8}.Debug|x64.ActiveCfg = Debug|Any CPU
		{BE162D12-CD34-4448-B814-1C26F4C3C2B8}.Debug|x64.Build.0 = Debug|Any CPU
		{BE162D12-CD34-4448-B814-1C26F4C3C2B8}.Debug|x64.Deploy.0 = Debug|Any CPU
		{BE162D12-CD34-4448-B814-1C26F4C3C2B8}.Debug|x86.ActiveCfg = Debug|Any CPU
		{BE162D12-CD34-4448-B814-1C26F4C3C2B8}.Debug|x86.Build.0 = Debug|Any CPU
		{BE162D12-CD34-4448-B814-1C26F4C3C2B8}.Debug|x86.Deploy.0 = Debug|Any CPU
		{BE162D12-CD34-4448-B814-1C26F4C3C2B8}.Release|Any CPU.ActiveCfg = Release|Any CPU
		{BE162D12-CD34-4448-B814-1C26F4C3C2B8}.Release|Any CPU.Build.0 = Release|Any CPU
		{BE162D12-CD34-4448-B814-1C26F4C3C2B8}.Release|Any CPU.Deploy.0 = Release|Any CPU
		{BE162D12-CD34-4448-B814-1C26F4C3C2B8}.Release|ARM.ActiveCfg = Release|Any CPU
		{BE162D12-CD34-4448-B814-1C26F4C3C2B8}.Release|ARM.Build.0 = Release|Any CPU
		{BE162D12-CD34-4448-B814-1C26F4C3C2B8}.Release|ARM.Deploy.0 = Release|Any CPU
		{BE162D12-CD34-4448-B814-1C26F4C3C2B8}.Release|iPhone.ActiveCfg = Release|Any CPU
		{BE162D12-CD34-4448-B814-1C26F4C3C2B8}.Release|iPhone.Build.0 = Release|Any CPU
		{BE162D12-CD34-4448-B814-1C26F4C3C2B8}.Release|iPhone.Deploy.0 = Release|Any CPU
		{BE162D12-CD34-4448-B814-1C26F4C3C2B8}.Release|iPhoneSimulator.ActiveCfg = Release|Any CPU
		{BE162D12-CD34-4448-B814-1C26F4C3C2B8}.Release|iPhoneSimulator.Build.0 = Release|Any CPU
		{BE162D12-CD34-4448-B814-1C26F4C3C2B8}.Release|iPhoneSimulator.Deploy.0 = Release|Any CPU
		{BE162D12-CD34-4448-B814-1C26F4C3C2B8}.Release|x64.ActiveCfg = Release|Any CPU
		{BE162D12-CD34-4448-B814-1C26F4C3C2B8}.Release|x64.Build.0 = Release|Any CPU
		{BE162D12-CD34-4448-B814-1C26F4C3C2B8}.Release|x64.Deploy.0 = Release|Any CPU
		{BE162D12-CD34-4448-B814-1C26F4C3C2B8}.Release|x86.ActiveCfg = Release|Any CPU
		{BE162D12-CD34-4448-B814-1C26F4C3C2B8}.Release|x86.Build.0 = Release|Any CPU
		{BE162D12-CD34-4448-B814-1C26F4C3C2B8}.Release|x86.Deploy.0 = Release|Any CPU
	EndGlobalSection
	GlobalSection(SolutionProperties) = preSolution
		HideSolutionNode = FALSE
	EndGlobalSection
	GlobalSection(ExtensibilityGlobals) = postSolution
		SolutionGuid = {BA060EDD-46C6-4152-8C28-3936B5381A60}
	EndGlobalSection
EndGlobal
